
Microsoft Visual Studio Solution File, Format Version 12.00
# Visual Studio 2012
Project("{8BC9CEB8-8B4A-11D0-8D11-00A0C91BC942}") = "二进制数字中有几个1", "二进制数字中有几个1\二进制数字中有几个1.vcxproj", "{BE292C3E-D87D-41AE-884A-0EC1B9EDB1B5}"
EndProject
Global
	GlobalSection(SolutionConfigurationPlatforms) = preSolution
		Debug|Win32 = Debug|Win32
		Release|Win32 = Release|Win32
	EndGlobalSection
	GlobalSection(ProjectConfigurationPlatforms) = postSolution
		{BE292C3E-D87D-41AE-884A-0EC1B9EDB1B5}.Debug|Win32.ActiveCfg = Debug|Win32
		{BE292C3E-D87D-41AE-884A-0EC1B9EDB1B5}.Debug|Win32.Build.0 = Debug|Win32
		{BE292C3E-D87D-41AE-884A-0EC1B9EDB1B5}.Release|Win32.ActiveCfg = Release|Win32
		{BE292C3E-D87D-41AE-884A-0EC1B9EDB1B5}.Release|Win32.Build.0 = Release|Win32
	EndGlobalSection
	GlobalSection(SolutionProperties) = preSolution
		HideSolutionNode = FALSE
	EndGlobalSection
EndGlobal
