
Microsoft Visual Studio Solution File, Format Version 12.00
# Visual Studio 2012
Project("{8BC9CEB8-8B4A-11D0-8D11-00A0C91BC942}") = "ConsoleApplication1", "ConsoleApplication1\ConsoleApplication1.vcxproj", "{317AF820-6B80-408C-AE42-DFA44B803418}"
EndProject
Global
	GlobalSection(SolutionConfigurationPlatforms) = preSolution
		Debug|Win32 = Debug|Win32
		Release|Win32 = Release|Win32
	EndGlobalSection
	GlobalSection(ProjectConfigurationPlatforms) = postSolution
		{317AF820-6B80-408C-AE42-DFA44B803418}.Debug|Win32.ActiveCfg = Debug|Win32
		{317AF820-6B80-408C-AE42-DFA44B803418}.Debug|Win32.Build.0 = Debug|Win32
		{317AF820-6B80-408C-AE42-DFA44B803418}.Release|Win32.ActiveCfg = Release|Win32
		{317AF820-6B80-408C-AE42-DFA44B803418}.Release|Win32.Build.0 = Release|Win32
	EndGlobalSection
	GlobalSection(SolutionProperties) = preSolution
		HideSolutionNode = FALSE
	EndGlobalSection
EndGlobal
