
Microsoft Visual Studio Solution File, Format Version 12.00
# Visual Studio 2012
Project("{8BC9CEB8-8B4A-11D0-8D11-00A0C91BC942}") = "调整数组的奇数位于偶数的前面", "调整数组的奇数位于偶数的前面\调整数组的奇数位于偶数的前面.vcxproj", "{052998C1-89FD-4487-9B36-C4E14CE3DEFC}"
EndProject
Global
	GlobalSection(SolutionConfigurationPlatforms) = preSolution
		Debug|Win32 = Debug|Win32
		Release|Win32 = Release|Win32
	EndGlobalSection
	GlobalSection(ProjectConfigurationPlatforms) = postSolution
		{052998C1-89FD-4487-9B36-C4E14CE3DEFC}.Debug|Win32.ActiveCfg = Debug|Win32
		{052998C1-89FD-4487-9B36-C4E14CE3DEFC}.Debug|Win32.Build.0 = Debug|Win32
		{052998C1-89FD-4487-9B36-C4E14CE3DEFC}.Release|Win32.ActiveCfg = Release|Win32
		{052998C1-89FD-4487-9B36-C4E14CE3DEFC}.Release|Win32.Build.0 = Release|Win32
	EndGlobalSection
	GlobalSection(SolutionProperties) = preSolution
		HideSolutionNode = FALSE
	EndGlobalSection
EndGlobal
