
Microsoft Visual Studio Solution File, Format Version 12.00
# Visual Studio 2012
Project("{8BC9CEB8-8B4A-11D0-8D11-00A0C91BC942}") = "hash_sort", "hash_sort\hash_sort.vcxproj", "{FA2A930B-1042-47CD-9A9F-EDCC5C74F786}"
EndProject
Global
	GlobalSection(SolutionConfigurationPlatforms) = preSolution
		Debug|Win32 = Debug|Win32
		Release|Win32 = Release|Win32
	EndGlobalSection
	GlobalSection(ProjectConfigurationPlatforms) = postSolution
		{FA2A930B-1042-47CD-9A9F-EDCC5C74F786}.Debug|Win32.ActiveCfg = Debug|Win32
		{FA2A930B-1042-47CD-9A9F-EDCC5C74F786}.Debug|Win32.Build.0 = Debug|Win32
		{FA2A930B-1042-47CD-9A9F-EDCC5C74F786}.Release|Win32.ActiveCfg = Release|Win32
		{FA2A930B-1042-47CD-9A9F-EDCC5C74F786}.Release|Win32.Build.0 = Release|Win32
	EndGlobalSection
	GlobalSection(SolutionProperties) = preSolution
		HideSolutionNode = FALSE
	EndGlobalSection
EndGlobal
